
Microsoft Visual Studio Solution File, Format Version 12.00
# Visual Studio Version 17
VisualStudioVersion = 17.13.35818.85 d17.13
MinimumVisualStudioVersion = 10.0.40219.1
Project("{FAE04EC0-301F-11D3-BF4B-00C04F79EFBC}") = "ShoeStoreManager", "ShoeStoreManager\ShoeStoreManager.csproj", "{433B8593-53DA-48C5-B2AA-E786CDBFC8DE}"
EndProject
Global
	GlobalSection(SolutionConfigurationPlatforms) = preSolution
		Debug|Any CPU = Debug|Any CPU
		Release|Any CPU = Release|Any CPU
	EndGlobalSection
	GlobalSection(ProjectConfigurationPlatforms) = postSolution
		{433B8593-53DA-48C5-B2AA-E786CDBFC8DE}.Debug|Any CPU.ActiveCfg = Debug|Any CPU
		{433B8593-53DA-48C5-B2AA-E786CDBFC8DE}.Debug|Any CPU.Build.0 = Debug|Any CPU
		{433B8593-53DA-48C5-B2AA-E786CDBFC8DE}.Release|Any CPU.ActiveCfg = Release|Any CPU
		{433B8593-53DA-48C5-B2AA-E786CDBFC8DE}.Release|Any CPU.Build.0 = Release|Any CPU
	EndGlobalSection
	GlobalSection(SolutionProperties) = preSolution
		HideSolutionNode = FALSE
	EndGlobalSection
	GlobalSection(ExtensibilityGlobals) = postSolution
		SolutionGuid = {30883391-CBF8-4ECC-BABA-F4559E7D7FA4}
	EndGlobalSection
EndGlobal
